
Microsoft Visual Studio Solution File, Format Version 12.00
# Visual Studio Version 17
VisualStudioVersion = 17.4.33122.133
MinimumVisualStudioVersion = 10.0.40219.1
Project("{FAE04EC0-301F-11D3-BF4B-00C04F79EFBC}") = "people_dir", "people_dir\people_dir.csproj", "{EE28BCBE-9528-463B-B4A5-4C6FA38773A3}"
EndProject
Global
	GlobalSection(SolutionConfigurationPlatforms) = preSolution
		Debug|Any CPU = Debug|Any CPU
		Release|Any CPU = Release|Any CPU
	EndGlobalSection
	GlobalSection(ProjectConfigurationPlatforms) = postSolution
		{EE28BCBE-9528-463B-B4A5-4C6FA38773A3}.Debug|Any CPU.ActiveCfg = Debug|Any CPU
		{EE28BCBE-9528-463B-B4A5-4C6FA38773A3}.Debug|Any CPU.Build.0 = Debug|Any CPU
		{EE28BCBE-9528-463B-B4A5-4C6FA38773A3}.Release|Any CPU.ActiveCfg = Release|Any CPU
		{EE28BCBE-9528-463B-B4A5-4C6FA38773A3}.Release|Any CPU.Build.0 = Release|Any CPU
	EndGlobalSection
	GlobalSection(SolutionProperties) = preSolution
		HideSolutionNode = FALSE
	EndGlobalSection
	GlobalSection(ExtensibilityGlobals) = postSolution
		SolutionGuid = {BF96D170-8D1C-459C-96E7-0819A3C4BD61}
	EndGlobalSection
EndGlobal
